# generated by rye
# use `rye lock` or `rye sync` to update this lockfile
#
# last locked with the following flags:
#   pre: false
#   features: []
#   all-features: false
#   with-sources: false
#   generate-hashes: false
#   universal: false

-e file:.
aiohappyeyeballs==2.4.3
    # via aiohttp
aiohttp==3.10.10
    # via langchain
    # via langchain-together
aiosignal==1.3.1
    # via aiohttp
annotated-types==0.7.0
    # via pydantic
anthropic==0.36.2
    # via langchain-anthropic
anyio==4.6.2.post1
    # via anthropic
    # via httpx
    # via langfuse
    # via openai
    # via starlette
attrs==24.2.0
    # via aiohttp
backoff==2.2.1
    # via langfuse
cachetools==5.5.0
    # via google-auth
certifi==2024.8.30
    # via httpcore
    # via httpx
    # via requests
charset-normalizer==3.4.0
    # via requests
click==8.1.7
    # via uvicorn
colorama==0.4.6
    # via click
    # via tqdm
defusedxml==0.7.1
    # via langchain-anthropic
distro==1.9.0
    # via anthropic
    # via openai
docstring-parser==0.16
    # via google-cloud-aiplatform
fastapi==0.115.2
    # via svg-gem
filelock==3.16.1
    # via huggingface-hub
frozenlist==1.4.1
    # via aiohttp
    # via aiosignal
fsspec==2024.9.0
    # via huggingface-hub
google-api-core==2.21.0
    # via google-cloud-aiplatform
    # via google-cloud-bigquery
    # via google-cloud-core
    # via google-cloud-resource-manager
    # via google-cloud-storage
google-auth==2.35.0
    # via google-api-core
    # via google-cloud-aiplatform
    # via google-cloud-bigquery
    # via google-cloud-core
    # via google-cloud-resource-manager
    # via google-cloud-storage
google-cloud-aiplatform==1.70.0
    # via langchain-google-vertexai
google-cloud-bigquery==3.26.0
    # via google-cloud-aiplatform
google-cloud-core==2.4.1
    # via google-cloud-bigquery
    # via google-cloud-storage
google-cloud-resource-manager==1.12.5
    # via google-cloud-aiplatform
google-cloud-storage==2.18.2
    # via google-cloud-aiplatform
    # via langchain-google-vertexai
google-crc32c==1.6.0
    # via google-cloud-storage
    # via google-resumable-media
google-resumable-media==2.7.2
    # via google-cloud-bigquery
    # via google-cloud-storage
googleapis-common-protos==1.65.0
    # via google-api-core
    # via grpc-google-iam-v1
    # via grpcio-status
greenlet==3.1.1
    # via sqlalchemy
grpc-google-iam-v1==0.13.1
    # via google-cloud-resource-manager
grpcio==1.67.0
    # via google-api-core
    # via googleapis-common-protos
    # via grpc-google-iam-v1
    # via grpcio-status
grpcio-status==1.67.0
    # via google-api-core
h11==0.14.0
    # via httpcore
    # via uvicorn
httpcore==1.0.6
    # via httpx
httpx==0.27.2
    # via anthropic
    # via langchain-google-vertexai
    # via langfuse
    # via langgraph-sdk
    # via langsmith
    # via openai
httpx-sse==0.4.0
    # via langchain-google-vertexai
    # via langgraph-sdk
huggingface-hub==0.26.0
    # via tokenizers
idna==3.10
    # via anyio
    # via httpx
    # via langfuse
    # via requests
    # via yarl
jiter==0.6.1
    # via anthropic
    # via openai
jsonpatch==1.33
    # via langchain-core
jsonpointer==3.0.0
    # via jsonpatch
langchain==0.3.4
    # via svg-gem
langchain-anthropic==0.2.3
    # via svg-gem
langchain-core==0.3.12
    # via langchain
    # via langchain-anthropic
    # via langchain-google-vertexai
    # via langchain-openai
    # via langchain-text-splitters
    # via langchain-together
    # via langgraph
    # via langgraph-checkpoint
langchain-google-vertexai==2.0.5
    # via svg-gem
langchain-openai==0.2.3
    # via langchain-together
    # via svg-gem
langchain-text-splitters==0.3.0
    # via langchain
langchain-together==0.2.0
    # via svg-gem
langfuse==2.52.1
    # via svg-gem
langgraph==0.2.39
    # via svg-gem
langgraph-checkpoint==2.0.1
    # via langgraph
langgraph-sdk==0.1.33
    # via langgraph
langsmith==0.1.136
    # via langchain
    # via langchain-core
msgpack==1.1.0
    # via langgraph-checkpoint
multidict==6.1.0
    # via aiohttp
    # via yarl
numpy==1.26.4
    # via langchain
    # via shapely
openai==1.52.0
    # via langchain-openai
orjson==3.10.7
    # via langgraph-sdk
    # via langsmith
packaging==24.1
    # via google-cloud-aiplatform
    # via google-cloud-bigquery
    # via huggingface-hub
    # via langchain-core
    # via langfuse
pillow==11.0.0
    # via svg-gem
propcache==0.2.0
    # via yarl
proto-plus==1.24.0
    # via google-api-core
    # via google-cloud-aiplatform
    # via google-cloud-resource-manager
protobuf==5.28.2
    # via google-api-core
    # via google-cloud-aiplatform
    # via google-cloud-resource-manager
    # via googleapis-common-protos
    # via grpc-google-iam-v1
    # via grpcio-status
    # via proto-plus
pyasn1==0.6.1
    # via pyasn1-modules
    # via rsa
pyasn1-modules==0.4.1
    # via google-auth
pydantic==2.9.2
    # via anthropic
    # via fastapi
    # via google-cloud-aiplatform
    # via langchain
    # via langchain-anthropic
    # via langchain-core
    # via langchain-google-vertexai
    # via langfuse
    # via langsmith
    # via openai
pydantic-core==2.23.4
    # via pydantic
python-dateutil==2.9.0.post0
    # via google-cloud-bigquery
python-dotenv==1.0.1
    # via svg-gem
pyyaml==6.0.2
    # via huggingface-hub
    # via langchain
    # via langchain-core
regex==2024.9.11
    # via tiktoken
requests==2.32.3
    # via google-api-core
    # via google-cloud-bigquery
    # via google-cloud-storage
    # via huggingface-hub
    # via langchain
    # via langchain-together
    # via langsmith
    # via requests-toolbelt
    # via tiktoken
requests-toolbelt==1.0.0
    # via langsmith
rsa==4.9
    # via google-auth
shapely==2.0.6
    # via google-cloud-aiplatform
six==1.16.0
    # via python-dateutil
sniffio==1.3.1
    # via anthropic
    # via anyio
    # via httpx
    # via openai
sqlalchemy==2.0.36
    # via langchain
starlette==0.40.0
    # via fastapi
tenacity==9.0.0
    # via langchain
    # via langchain-core
tiktoken==0.8.0
    # via langchain-openai
tokenizers==0.20.1
    # via anthropic
tqdm==4.66.5
    # via huggingface-hub
    # via openai
typing-extensions==4.12.2
    # via anthropic
    # via fastapi
    # via huggingface-hub
    # via langchain-core
    # via openai
    # via pydantic
    # via pydantic-core
    # via sqlalchemy
urllib3==2.2.3
    # via requests
uvicorn==0.32.0
    # via svg-gem
wrapt==1.16.0
    # via langfuse
yarl==1.15.5
    # via aiohttp
